// !$*UTF8*$!
{
	archiveVersion = 1;
	classes = {
	};
	objectVersion = 55;
	objects = {

/* Begin PBXBuildFile section */
		A426E45229804997001128BF /* FeedModel.swift in Sources */ = {isa = PBXBuildFile; fileRef = A426E45129804997001128BF /* FeedModel.swift */; };
		A426E4592981662E001128BF /* MainCoordinator.swift in Sources */ = {isa = PBXBuildFile; fileRef = A426E4582981662E001128BF /* MainCoordinator.swift */; };
		A426E45B2981666A001128BF /* LogInCoordinator.swift in Sources */ = {isa = PBXBuildFile; fileRef = A426E45A2981666A001128BF /* LogInCoordinator.swift */; };
		A426E45D29816681001128BF /* FeedCoordinator.swift in Sources */ = {isa = PBXBuildFile; fileRef = A426E45C29816681001128BF /* FeedCoordinator.swift */; };
		A426E45F2981668D001128BF /* ProfileCoordinator.swift in Sources */ = {isa = PBXBuildFile; fileRef = A426E45E2981668D001128BF /* ProfileCoordinator.swift */; };
		A426E46429816C09001128BF /* MainTabBarViewController.swift in Sources */ = {isa = PBXBuildFile; fileRef = A426E46329816C09001128BF /* MainTabBarViewController.swift */; };
		A426E46729816D19001128BF /* Factory.swift in Sources */ = {isa = PBXBuildFile; fileRef = A426E46629816D19001128BF /* Factory.swift */; };
		A426E46B2981700A001128BF /* LogInViewModel.swift in Sources */ = {isa = PBXBuildFile; fileRef = A426E46A2981700A001128BF /* LogInViewModel.swift */; };
		A426E46D29817093001128BF /* LogInViewController2.swift in Sources */ = {isa = PBXBuildFile; fileRef = A426E46C29817093001128BF /* LogInViewController2.swift */; };
		A426E473298174A7001128BF /* FeedViewModel.swift in Sources */ = {isa = PBXBuildFile; fileRef = A426E472298174A7001128BF /* FeedViewModel.swift */; };
		A426E475298174B6001128BF /* FeedViewController2.swift in Sources */ = {isa = PBXBuildFile; fileRef = A426E474298174B6001128BF /* FeedViewController2.swift */; };
		A426E47829817706001128BF /* ProfileViewModel.swift in Sources */ = {isa = PBXBuildFile; fileRef = A426E47729817706001128BF /* ProfileViewModel.swift */; };
		A426E47A29817712001128BF /* ProfileViewController2.swift in Sources */ = {isa = PBXBuildFile; fileRef = A426E47929817712001128BF /* ProfileViewController2.swift */; };
		A436987A2979A89700395E32 /* AppDelegate.swift in Sources */ = {isa = PBXBuildFile; fileRef = A43698792979A89700395E32 /* AppDelegate.swift */; };
		A436987C2979A89700395E32 /* SceneDelegate.swift in Sources */ = {isa = PBXBuildFile; fileRef = A436987B2979A89700395E32 /* SceneDelegate.swift */; };
		A43698832979A89900395E32 /* Assets.xcassets in Resources */ = {isa = PBXBuildFile; fileRef = A43698822979A89900395E32 /* Assets.xcassets */; };
		A43698862979A89900395E32 /* LaunchScreen.storyboard in Resources */ = {isa = PBXBuildFile; fileRef = A43698842979A89900395E32 /* LaunchScreen.storyboard */; };
		A43698952979AA9900395E32 /* StatusText.swift in Sources */ = {isa = PBXBuildFile; fileRef = A43698942979AA9900395E32 /* StatusText.swift */; };
		A43698972979AAB900395E32 /* CustomUITextField.swift in Sources */ = {isa = PBXBuildFile; fileRef = A43698962979AAB900395E32 /* CustomUITextField.swift */; };
		A43698992979AAC300395E32 /* PostView.swift in Sources */ = {isa = PBXBuildFile; fileRef = A43698982979AAC300395E32 /* PostView.swift */; };
		A436989B2979AADF00395E32 /* DataPosts.swift in Sources */ = {isa = PBXBuildFile; fileRef = A436989A2979AADF00395E32 /* DataPosts.swift */; };
		A436989D2979AAEB00395E32 /* ArrayPhotos.swift in Sources */ = {isa = PBXBuildFile; fileRef = A436989C2979AAEB00395E32 /* ArrayPhotos.swift */; };
		A436989F2979AB6600395E32 /* TabBarController.swift in Sources */ = {isa = PBXBuildFile; fileRef = A436989E2979AB6600395E32 /* TabBarController.swift */; };
		A43698A12979ABAF00395E32 /* FeeaViewController.swift in Sources */ = {isa = PBXBuildFile; fileRef = A43698A02979ABAF00395E32 /* FeeaViewController.swift */; };
		A43698A32979ABC600395E32 /* PostViewController.swift in Sources */ = {isa = PBXBuildFile; fileRef = A43698A22979ABC600395E32 /* PostViewController.swift */; };
		A43698A52979ABDE00395E32 /* InfoViewController.swift in Sources */ = {isa = PBXBuildFile; fileRef = A43698A42979ABDE00395E32 /* InfoViewController.swift */; };
		A43698A72979ABFD00395E32 /* LogInViewController.swift in Sources */ = {isa = PBXBuildFile; fileRef = A43698A62979ABFD00395E32 /* LogInViewController.swift */; };
		A43698A92979AC1000395E32 /* ProfileViewController.swift in Sources */ = {isa = PBXBuildFile; fileRef = A43698A82979AC1000395E32 /* ProfileViewController.swift */; };
		A43698AB2979AC4900395E32 /* ProfileHeaderView.swift in Sources */ = {isa = PBXBuildFile; fileRef = A43698AA2979AC4900395E32 /* ProfileHeaderView.swift */; };
		A43698AD2979AC6E00395E32 /* PhotosTableViewCell.swift in Sources */ = {isa = PBXBuildFile; fileRef = A43698AC2979AC6E00395E32 /* PhotosTableViewCell.swift */; };
		A43698AF2979AC8500395E32 /* PostTableViewCell.swift in Sources */ = {isa = PBXBuildFile; fileRef = A43698AE2979AC8500395E32 /* PostTableViewCell.swift */; };
		A43698B12979AC9D00395E32 /* PhotosViewController.swift in Sources */ = {isa = PBXBuildFile; fileRef = A43698B02979AC9D00395E32 /* PhotosViewController.swift */; };
		A43698B32979ACB000395E32 /* PhotosCollectionViewCell.swift in Sources */ = {isa = PBXBuildFile; fileRef = A43698B22979ACB000395E32 /* PhotosCollectionViewCell.swift */; };
		A43698BC2979AD8600395E32 /* StorageServise.h in Headers */ = {isa = PBXBuildFile; fileRef = A43698BB2979AD8600395E32 /* StorageServise.h */; settings = {ATTRIBUTES = (Public, ); }; };
		A43698BF2979AD8600395E32 /* StorageServise.framework in Frameworks */ = {isa = PBXBuildFile; fileRef = A43698B92979AD8600395E32 /* StorageServise.framework */; };
		A43698C02979AD8600395E32 /* StorageServise.framework in Embed Frameworks */ = {isa = PBXBuildFile; fileRef = A43698B92979AD8600395E32 /* StorageServise.framework */; settings = {ATTRIBUTES = (CodeSignOnCopy, RemoveHeadersOnCopy, ); }; };
		A43698C62979AD9900395E32 /* Post.swift in Sources */ = {isa = PBXBuildFile; fileRef = A43698C52979AD9900395E32 /* Post.swift */; };
		A43698D2297AC27200395E32 /* Checker.swift in Sources */ = {isa = PBXBuildFile; fileRef = A43698D1297AC27200395E32 /* Checker.swift */; };
		A43698D6297AC79200395E32 /* LoginInspector.swift in Sources */ = {isa = PBXBuildFile; fileRef = A43698D5297AC79200395E32 /* LoginInspector.swift */; };
		A43698D8297AD81E00395E32 /* LoginFactoryProtocol.swift in Sources */ = {isa = PBXBuildFile; fileRef = A43698D7297AD81E00395E32 /* LoginFactoryProtocol.swift */; };
		A43698DA297AD88800395E32 /* MyLoginFactory.swift in Sources */ = {isa = PBXBuildFile; fileRef = A43698D9297AD88800395E32 /* MyLoginFactory.swift */; };
		A43698DE297E964900395E32 /* iOSIntPackage in Frameworks */ = {isa = PBXBuildFile; productRef = A43698DD297E964900395E32 /* iOSIntPackage */; };
		A43698E129800B7E00395E32 /* CustomButton.swift in Sources */ = {isa = PBXBuildFile; fileRef = A43698E029800B7E00395E32 /* CustomButton.swift */; };
		A48049032983DF54009FAA66 /* TabBarCoordinator.swift in Sources */ = {isa = PBXBuildFile; fileRef = A48049022983DF54009FAA66 /* TabBarCoordinator.swift */; };
		A4804907298403E6009FAA66 /* ServiseContentOfSet.swift in Sources */ = {isa = PBXBuildFile; fileRef = A4804906298403E6009FAA66 /* ServiseContentOfSet.swift */; };
		A4E427D829818D9400A249F0 /* User.swift in Sources */ = {isa = PBXBuildFile; fileRef = A4E427D729818D9400A249F0 /* User.swift */; };
		A4E427DA29818DD000A249F0 /* UserServiseProtocol.swift in Sources */ = {isa = PBXBuildFile; fileRef = A4E427D929818DD000A249F0 /* UserServiseProtocol.swift */; };
		A4E427DC29818DE300A249F0 /* CurrentUserServise.swift in Sources */ = {isa = PBXBuildFile; fileRef = A4E427DB29818DE300A249F0 /* CurrentUserServise.swift */; };
		A4E427DE29818DF100A249F0 /* TestUserServise.swift in Sources */ = {isa = PBXBuildFile; fileRef = A4E427DD29818DF100A249F0 /* TestUserServise.swift */; };
		A4E427E02982474A00A249F0 /* LogInView.swift in Sources */ = {isa = PBXBuildFile; fileRef = A4E427DF2982474A00A249F0 /* LogInView.swift */; };
		A4E427E32982C16000A249F0 /* Coordinatable.swift in Sources */ = {isa = PBXBuildFile; fileRef = A4E427E22982C16000A249F0 /* Coordinatable.swift */; };
/* End PBXBuildFile section */

/* Begin PBXContainerItemProxy section */
		A43698BD2979AD8600395E32 /* PBXContainerItemProxy */ = {
			isa = PBXContainerItemProxy;
			containerPortal = A436986E2979A89700395E32 /* Project object */;
			proxyType = 1;
			remoteGlobalIDString = A43698B82979AD8600395E32;
			remoteInfo = StorageServise;
		};
/* End PBXContainerItemProxy section */

/* Begin PBXCopyFilesBuildPhase section */
		A43698C42979AD8600395E32 /* Embed Frameworks */ = {
			isa = PBXCopyFilesBuildPhase;
			buildActionMask = 2147483647;
			dstPath = "";
			dstSubfolderSpec = 10;
			files = (
				A43698C02979AD8600395E32 /* StorageServise.framework in Embed Frameworks */,
			);
			name = "Embed Frameworks";
			runOnlyForDeploymentPostprocessing = 0;
		};
/* End PBXCopyFilesBuildPhase section */

/* Begin PBXFileReference section */
		A426E45129804997001128BF /* FeedModel.swift */ = {isa = PBXFileReference; lastKnownFileType = sourcecode.swift; path = FeedModel.swift; sourceTree = "<group>"; };
		A426E4582981662E001128BF /* MainCoordinator.swift */ = {isa = PBXFileReference; lastKnownFileType = sourcecode.swift; path = MainCoordinator.swift; sourceTree = "<group>"; };
		A426E45A2981666A001128BF /* LogInCoordinator.swift */ = {isa = PBXFileReference; lastKnownFileType = sourcecode.swift; path = LogInCoordinator.swift; sourceTree = "<group>"; };
		A426E45C29816681001128BF /* FeedCoordinator.swift */ = {isa = PBXFileReference; lastKnownFileType = sourcecode.swift; path = FeedCoordinator.swift; sourceTree = "<group>"; };
		A426E45E2981668D001128BF /* ProfileCoordinator.swift */ = {isa = PBXFileReference; lastKnownFileType = sourcecode.swift; path = ProfileCoordinator.swift; sourceTree = "<group>"; };
		A426E46329816C09001128BF /* MainTabBarViewController.swift */ = {isa = PBXFileReference; lastKnownFileType = sourcecode.swift; path = MainTabBarViewController.swift; sourceTree = "<group>"; };
		A426E46629816D19001128BF /* Factory.swift */ = {isa = PBXFileReference; lastKnownFileType = sourcecode.swift; path = Factory.swift; sourceTree = "<group>"; };
		A426E46A2981700A001128BF /* LogInViewModel.swift */ = {isa = PBXFileReference; lastKnownFileType = sourcecode.swift; path = LogInViewModel.swift; sourceTree = "<group>"; };
		A426E46C29817093001128BF /* LogInViewController2.swift */ = {isa = PBXFileReference; lastKnownFileType = sourcecode.swift; path = LogInViewController2.swift; sourceTree = "<group>"; };
		A426E472298174A7001128BF /* FeedViewModel.swift */ = {isa = PBXFileReference; lastKnownFileType = sourcecode.swift; path = FeedViewModel.swift; sourceTree = "<group>"; };
		A426E474298174B6001128BF /* FeedViewController2.swift */ = {isa = PBXFileReference; lastKnownFileType = sourcecode.swift; path = FeedViewController2.swift; sourceTree = "<group>"; };
		A426E47729817706001128BF /* ProfileViewModel.swift */ = {isa = PBXFileReference; lastKnownFileType = sourcecode.swift; path = ProfileViewModel.swift; sourceTree = "<group>"; };
		A426E47929817712001128BF /* ProfileViewController2.swift */ = {isa = PBXFileReference; lastKnownFileType = sourcecode.swift; path = ProfileViewController2.swift; sourceTree = "<group>"; };
		A43698762979A89700395E32 /* Navigat1on.app */ = {isa = PBXFileReference; explicitFileType = wrapper.application; includeInIndex = 0; path = Navigat1on.app; sourceTree = BUILT_PRODUCTS_DIR; };
		A43698792979A89700395E32 /* AppDelegate.swift */ = {isa = PBXFileReference; lastKnownFileType = sourcecode.swift; path = AppDelegate.swift; sourceTree = "<group>"; };
		A436987B2979A89700395E32 /* SceneDelegate.swift */ = {isa = PBXFileReference; lastKnownFileType = sourcecode.swift; path = SceneDelegate.swift; sourceTree = "<group>"; };
		A43698822979A89900395E32 /* Assets.xcassets */ = {isa = PBXFileReference; lastKnownFileType = folder.assetcatalog; path = Assets.xcassets; sourceTree = "<group>"; };
		A43698852979A89900395E32 /* Base */ = {isa = PBXFileReference; lastKnownFileType = file.storyboard; name = Base; path = Base.lproj/LaunchScreen.storyboard; sourceTree = "<group>"; };
		A43698872979A89900395E32 /* Info.plist */ = {isa = PBXFileReference; lastKnownFileType = text.plist.xml; path = Info.plist; sourceTree = "<group>"; };
		A43698942979AA9900395E32 /* StatusText.swift */ = {isa = PBXFileReference; lastKnownFileType = sourcecode.swift; path = StatusText.swift; sourceTree = "<group>"; };
		A43698962979AAB900395E32 /* CustomUITextField.swift */ = {isa = PBXFileReference; lastKnownFileType = sourcecode.swift; path = CustomUITextField.swift; sourceTree = "<group>"; };
		A43698982979AAC300395E32 /* PostView.swift */ = {isa = PBXFileReference; lastKnownFileType = sourcecode.swift; path = PostView.swift; sourceTree = "<group>"; };
		A436989A2979AADF00395E32 /* DataPosts.swift */ = {isa = PBXFileReference; lastKnownFileType = sourcecode.swift; path = DataPosts.swift; sourceTree = "<group>"; };
		A436989C2979AAEB00395E32 /* ArrayPhotos.swift */ = {isa = PBXFileReference; lastKnownFileType = sourcecode.swift; path = ArrayPhotos.swift; sourceTree = "<group>"; };
		A436989E2979AB6600395E32 /* TabBarController.swift */ = {isa = PBXFileReference; lastKnownFileType = sourcecode.swift; path = TabBarController.swift; sourceTree = "<group>"; };
		A43698A02979ABAF00395E32 /* FeeaViewController.swift */ = {isa = PBXFileReference; lastKnownFileType = sourcecode.swift; path = FeeaViewController.swift; sourceTree = "<group>"; };
		A43698A22979ABC600395E32 /* PostViewController.swift */ = {isa = PBXFileReference; lastKnownFileType = sourcecode.swift; path = PostViewController.swift; sourceTree = "<group>"; };
		A43698A42979ABDE00395E32 /* InfoViewController.swift */ = {isa = PBXFileReference; lastKnownFileType = sourcecode.swift; path = InfoViewController.swift; sourceTree = "<group>"; };
		A43698A62979ABFD00395E32 /* LogInViewController.swift */ = {isa = PBXFileReference; lastKnownFileType = sourcecode.swift; path = LogInViewController.swift; sourceTree = "<group>"; };
		A43698A82979AC1000395E32 /* ProfileViewController.swift */ = {isa = PBXFileReference; lastKnownFileType = sourcecode.swift; path = ProfileViewController.swift; sourceTree = "<group>"; };
		A43698AA2979AC4900395E32 /* ProfileHeaderView.swift */ = {isa = PBXFileReference; lastKnownFileType = sourcecode.swift; path = ProfileHeaderView.swift; sourceTree = "<group>"; };
		A43698AC2979AC6E00395E32 /* PhotosTableViewCell.swift */ = {isa = PBXFileReference; lastKnownFileType = sourcecode.swift; path = PhotosTableViewCell.swift; sourceTree = "<group>"; };
		A43698AE2979AC8500395E32 /* PostTableViewCell.swift */ = {isa = PBXFileReference; lastKnownFileType = sourcecode.swift; path = PostTableViewCell.swift; sourceTree = "<group>"; };
		A43698B02979AC9D00395E32 /* PhotosViewController.swift */ = {isa = PBXFileReference; lastKnownFileType = sourcecode.swift; path = PhotosViewController.swift; sourceTree = "<group>"; };
		A43698B22979ACB000395E32 /* PhotosCollectionViewCell.swift */ = {isa = PBXFileReference; lastKnownFileType = sourcecode.swift; path = PhotosCollectionViewCell.swift; sourceTree = "<group>"; };
		A43698B92979AD8600395E32 /* StorageServise.framework */ = {isa = PBXFileReference; explicitFileType = wrapper.framework; includeInIndex = 0; path = StorageServise.framework; sourceTree = BUILT_PRODUCTS_DIR; };
		A43698BB2979AD8600395E32 /* StorageServise.h */ = {isa = PBXFileReference; lastKnownFileType = sourcecode.c.h; path = StorageServise.h; sourceTree = "<group>"; };
		A43698C52979AD9900395E32 /* Post.swift */ = {isa = PBXFileReference; lastKnownFileType = sourcecode.swift; path = Post.swift; sourceTree = "<group>"; };
		A43698D1297AC27200395E32 /* Checker.swift */ = {isa = PBXFileReference; lastKnownFileType = sourcecode.swift; path = Checker.swift; sourceTree = "<group>"; };
		A43698D5297AC79200395E32 /* LoginInspector.swift */ = {isa = PBXFileReference; lastKnownFileType = sourcecode.swift; path = LoginInspector.swift; sourceTree = "<group>"; };
		A43698D7297AD81E00395E32 /* LoginFactoryProtocol.swift */ = {isa = PBXFileReference; lastKnownFileType = sourcecode.swift; path = LoginFactoryProtocol.swift; sourceTree = "<group>"; };
		A43698D9297AD88800395E32 /* MyLoginFactory.swift */ = {isa = PBXFileReference; lastKnownFileType = sourcecode.swift; path = MyLoginFactory.swift; sourceTree = "<group>"; };
		A43698E029800B7E00395E32 /* CustomButton.swift */ = {isa = PBXFileReference; lastKnownFileType = sourcecode.swift; path = CustomButton.swift; sourceTree = "<group>"; };
		A48049022983DF54009FAA66 /* TabBarCoordinator.swift */ = {isa = PBXFileReference; lastKnownFileType = sourcecode.swift; path = TabBarCoordinator.swift; sourceTree = "<group>"; };
		A4804906298403E6009FAA66 /* ServiseContentOfSet.swift */ = {isa = PBXFileReference; lastKnownFileType = sourcecode.swift; path = ServiseContentOfSet.swift; sourceTree = "<group>"; };
		A4E427D729818D9400A249F0 /* User.swift */ = {isa = PBXFileReference; lastKnownFileType = sourcecode.swift; path = User.swift; sourceTree = "<group>"; };
		A4E427D929818DD000A249F0 /* UserServiseProtocol.swift */ = {isa = PBXFileReference; lastKnownFileType = sourcecode.swift; path = UserServiseProtocol.swift; sourceTree = "<group>"; };
		A4E427DB29818DE300A249F0 /* CurrentUserServise.swift */ = {isa = PBXFileReference; lastKnownFileType = sourcecode.swift; path = CurrentUserServise.swift; sourceTree = "<group>"; };
		A4E427DD29818DF100A249F0 /* TestUserServise.swift */ = {isa = PBXFileReference; lastKnownFileType = sourcecode.swift; path = TestUserServise.swift; sourceTree = "<group>"; };
		A4E427DF2982474A00A249F0 /* LogInView.swift */ = {isa = PBXFileReference; lastKnownFileType = sourcecode.swift; path = LogInView.swift; sourceTree = "<group>"; };
		A4E427E22982C16000A249F0 /* Coordinatable.swift */ = {isa = PBXFileReference; lastKnownFileType = sourcecode.swift; path = Coordinatable.swift; sourceTree = "<group>"; };
/* End PBXFileReference section */

/* Begin PBXFrameworksBuildPhase section */
		A43698732979A89700395E32 /* Frameworks */ = {
			isa = PBXFrameworksBuildPhase;
			buildActionMask = 2147483647;
			files = (
				A43698BF2979AD8600395E32 /* StorageServise.framework in Frameworks */,
				A43698DE297E964900395E32 /* iOSIntPackage in Frameworks */,
			);
			runOnlyForDeploymentPostprocessing = 0;
		};
		A43698B62979AD8600395E32 /* Frameworks */ = {
			isa = PBXFrameworksBuildPhase;
			buildActionMask = 2147483647;
			files = (
			);
			runOnlyForDeploymentPostprocessing = 0;
		};
/* End PBXFrameworksBuildPhase section */

/* Begin PBXGroup section */
		A426E45329816577001128BF /* Coordinators */ = {
			isa = PBXGroup;
			children = (
				A4E427E12982C14100A249F0 /* Protocol */,
				A426E4542981659D001128BF /* MainCoordinator */,
				A48049012983DF36009FAA66 /* TabBarCoordinator */,
				A426E455298165A6001128BF /* LogInCoordinator */,
				A426E456298165B5001128BF /* FeedCoordinator */,
				A426E457298165D6001128BF /* ProfileCoordinator */,
			);
			path = Coordinators;
			sourceTree = "<group>";
		};
		A426E4542981659D001128BF /* MainCoordinator */ = {
			isa = PBXGroup;
			children = (
				A426E4582981662E001128BF /* MainCoordinator.swift */,
			);
			path = MainCoordinator;
			sourceTree = "<group>";
		};
		A426E455298165A6001128BF /* LogInCoordinator */ = {
			isa = PBXGroup;
			children = (
				A426E45A2981666A001128BF /* LogInCoordinator.swift */,
			);
			path = LogInCoordinator;
			sourceTree = "<group>";
		};
		A426E456298165B5001128BF /* FeedCoordinator */ = {
			isa = PBXGroup;
			children = (
				A426E45C29816681001128BF /* FeedCoordinator.swift */,
			);
			path = FeedCoordinator;
			sourceTree = "<group>";
		};
		A426E457298165D6001128BF /* ProfileCoordinator */ = {
			isa = PBXGroup;
			children = (
				A426E45E2981668D001128BF /* ProfileCoordinator.swift */,
			);
			path = ProfileCoordinator;
			sourceTree = "<group>";
		};
		A426E46529816D0D001128BF /* Factory */ = {
			isa = PBXGroup;
			children = (
				A43698D9297AD88800395E32 /* MyLoginFactory.swift */,
				A43698D7297AD81E00395E32 /* LoginFactoryProtocol.swift */,
				A426E46629816D19001128BF /* Factory.swift */,
			);
			path = Factory;
			sourceTree = "<group>";
		};
		A426E46929816FEB001128BF /* LogIn */ = {
			isa = PBXGroup;
			children = (
				A426E46A2981700A001128BF /* LogInViewModel.swift */,
				A426E46C29817093001128BF /* LogInViewController2.swift */,
				A4E427DF2982474A00A249F0 /* LogInView.swift */,
				A4804906298403E6009FAA66 /* ServiseContentOfSet.swift */,
			);
			path = LogIn;
			sourceTree = "<group>";
		};
		A426E4712981749B001128BF /* Feed */ = {
			isa = PBXGroup;
			children = (
				A426E472298174A7001128BF /* FeedViewModel.swift */,
				A426E474298174B6001128BF /* FeedViewController2.swift */,
			);
			path = Feed;
			sourceTree = "<group>";
		};
		A426E476298176F7001128BF /* Profile */ = {
			isa = PBXGroup;
			children = (
				A426E47729817706001128BF /* ProfileViewModel.swift */,
				A426E47929817712001128BF /* ProfileViewController2.swift */,
			);
			path = Profile;
			sourceTree = "<group>";
		};
		A426E47B29817C08001128BF /* Resources */ = {
			isa = PBXGroup;
			children = (
			);
			path = Resources;
			sourceTree = "<group>";
		};
		A436986D2979A89700395E32 = {
			isa = PBXGroup;
			children = (
				A43698782979A89700395E32 /* Navigat1on */,
				A43698BA2979AD8600395E32 /* StorageServise */,
				A43698772979A89700395E32 /* Products */,
			);
			sourceTree = "<group>";
		};
		A43698772979A89700395E32 /* Products */ = {
			isa = PBXGroup;
			children = (
				A43698762979A89700395E32 /* Navigat1on.app */,
				A43698B92979AD8600395E32 /* StorageServise.framework */,
			);
			name = Products;
			sourceTree = "<group>";
		};
		A43698782979A89700395E32 /* Navigat1on */ = {
			isa = PBXGroup;
			children = (
				A4E427D529818D7500A249F0 /* NewDate */,
				A43698822979A89900395E32 /* Assets.xcassets */,
				A43698842979A89900395E32 /* LaunchScreen.storyboard */,
				A43698872979A89900395E32 /* Info.plist */,
				A436988E2979AA2000395E32 /* Application */,
				A43698DF29800B5600395E32 /* CustomUI */,
				A436988D2979AA1700395E32 /* Date */,
				A426E46529816D0D001128BF /* Factory */,
				A426E45329816577001128BF /* Coordinators */,
				A436988F2979AA3F00395E32 /* TabBarController */,
				A426E46929816FEB001128BF /* LogIn */,
				A426E4712981749B001128BF /* Feed */,
				A426E476298176F7001128BF /* Profile */,
				A43698902979AA4A00395E32 /* FeedVC */,
				A43698912979AA5300395E32 /* ProfileVC */,
				A426E47B29817C08001128BF /* Resources */,
			);
			path = Navigat1on;
			sourceTree = "<group>";
		};
		A436988D2979AA1700395E32 /* Date */ = {
			isa = PBXGroup;
			children = (
				A43698D0297AC25900395E32 /* Checker */,
				A43698CF297AC24000395E32 /* UserServise */,
				A43698942979AA9900395E32 /* StatusText.swift */,
				A43698982979AAC300395E32 /* PostView.swift */,
				A436989A2979AADF00395E32 /* DataPosts.swift */,
				A436989C2979AAEB00395E32 /* ArrayPhotos.swift */,
			);
			path = Date;
			sourceTree = "<group>";
		};
		A436988E2979AA2000395E32 /* Application */ = {
			isa = PBXGroup;
			children = (
				A43698792979A89700395E32 /* AppDelegate.swift */,
				A436987B2979A89700395E32 /* SceneDelegate.swift */,
			);
			path = Application;
			sourceTree = "<group>";
		};
		A436988F2979AA3F00395E32 /* TabBarController */ = {
			isa = PBXGroup;
			children = (
				A436989E2979AB6600395E32 /* TabBarController.swift */,
				A426E46329816C09001128BF /* MainTabBarViewController.swift */,
			);
			path = TabBarController;
			sourceTree = "<group>";
		};
		A43698902979AA4A00395E32 /* FeedVC */ = {
			isa = PBXGroup;
			children = (
				A43698A02979ABAF00395E32 /* FeeaViewController.swift */,
				A43698A22979ABC600395E32 /* PostViewController.swift */,
				A43698A42979ABDE00395E32 /* InfoViewController.swift */,
				A426E45129804997001128BF /* FeedModel.swift */,
			);
			path = FeedVC;
			sourceTree = "<group>";
		};
		A43698912979AA5300395E32 /* ProfileVC */ = {
			isa = PBXGroup;
			children = (
				A43698A62979ABFD00395E32 /* LogInViewController.swift */,
				A43698A82979AC1000395E32 /* ProfileViewController.swift */,
				A43698922979AA5B00395E32 /* TableViewCell */,
				A43698932979AA7000395E32 /* CollectionView */,
			);
			path = ProfileVC;
			sourceTree = "<group>";
		};
		A43698922979AA5B00395E32 /* TableViewCell */ = {
			isa = PBXGroup;
			children = (
				A43698AA2979AC4900395E32 /* ProfileHeaderView.swift */,
				A43698AC2979AC6E00395E32 /* PhotosTableViewCell.swift */,
				A43698AE2979AC8500395E32 /* PostTableViewCell.swift */,
			);
			path = TableViewCell;
			sourceTree = "<group>";
		};
		A43698932979AA7000395E32 /* CollectionView */ = {
			isa = PBXGroup;
			children = (
				A43698B02979AC9D00395E32 /* PhotosViewController.swift */,
				A43698B22979ACB000395E32 /* PhotosCollectionViewCell.swift */,
			);
			path = CollectionView;
			sourceTree = "<group>";
		};
		A43698BA2979AD8600395E32 /* StorageServise */ = {
			isa = PBXGroup;
			children = (
				A43698BB2979AD8600395E32 /* StorageServise.h */,
				A43698C52979AD9900395E32 /* Post.swift */,
			);
			path = StorageServise;
			sourceTree = "<group>";
		};
		A43698CF297AC24000395E32 /* UserServise */ = {
			isa = PBXGroup;
			children = (
			);
			path = UserServise;
			sourceTree = "<group>";
		};
		A43698D0297AC25900395E32 /* Checker */ = {
			isa = PBXGroup;
			children = (
				A43698D1297AC27200395E32 /* Checker.swift */,
				A43698D5297AC79200395E32 /* LoginInspector.swift */,
			);
			path = Checker;
			sourceTree = "<group>";
		};
		A43698DF29800B5600395E32 /* CustomUI */ = {
			isa = PBXGroup;
			children = (
				A43698E029800B7E00395E32 /* CustomButton.swift */,
				A43698962979AAB900395E32 /* CustomUITextField.swift */,
			);
			path = CustomUI;
			sourceTree = "<group>";
		};
		A48049012983DF36009FAA66 /* TabBarCoordinator */ = {
			isa = PBXGroup;
			children = (
				A48049022983DF54009FAA66 /* TabBarCoordinator.swift */,
			);
			path = TabBarCoordinator;
			sourceTree = "<group>";
		};
		A4E427D529818D7500A249F0 /* NewDate */ = {
			isa = PBXGroup;
			children = (
				A4E427D629818D7C00A249F0 /* UserVerification */,
			);
			path = NewDate;
			sourceTree = "<group>";
		};
		A4E427D629818D7C00A249F0 /* UserVerification */ = {
			isa = PBXGroup;
			children = (
				A4E427D729818D9400A249F0 /* User.swift */,
				A4E427D929818DD000A249F0 /* UserServiseProtocol.swift */,
				A4E427DB29818DE300A249F0 /* CurrentUserServise.swift */,
				A4E427DD29818DF100A249F0 /* TestUserServise.swift */,
			);
			path = UserVerification;
			sourceTree = "<group>";
		};
		A4E427E12982C14100A249F0 /* Protocol */ = {
			isa = PBXGroup;
			children = (
				A4E427E22982C16000A249F0 /* Coordinatable.swift */,
			);
			path = Protocol;
			sourceTree = "<group>";
		};
/* End PBXGroup section */

/* Begin PBXHeadersBuildPhase section */
		A43698B42979AD8600395E32 /* Headers */ = {
			isa = PBXHeadersBuildPhase;
			buildActionMask = 2147483647;
			files = (
				A43698BC2979AD8600395E32 /* StorageServise.h in Headers */,
			);
			runOnlyForDeploymentPostprocessing = 0;
		};
/* End PBXHeadersBuildPhase section */

/* Begin PBXNativeTarget section */
		A43698752979A89700395E32 /* Navigat1on */ = {
			isa = PBXNativeTarget;
			buildConfigurationList = A436988A2979A89900395E32 /* Build configuration list for PBXNativeTarget "Navigat1on" */;
			buildPhases = (
				A43698722979A89700395E32 /* Sources */,
				A43698732979A89700395E32 /* Frameworks */,
				A43698742979A89700395E32 /* Resources */,
				A43698C42979AD8600395E32 /* Embed Frameworks */,
			);
			buildRules = (
			);
			dependencies = (
				A43698BE2979AD8600395E32 /* PBXTargetDependency */,
			);
			name = Navigat1on;
			packageProductDependencies = (
				A43698DD297E964900395E32 /* iOSIntPackage */,
			);
			productName = Navigat1on;
			productReference = A43698762979A89700395E32 /* Navigat1on.app */;
			productType = "com.apple.product-type.application";
		};
		A43698B82979AD8600395E32 /* StorageServise */ = {
			isa = PBXNativeTarget;
			buildConfigurationList = A43698C12979AD8600395E32 /* Build configuration list for PBXNativeTarget "StorageServise" */;
			buildPhases = (
				A43698B42979AD8600395E32 /* Headers */,
				A43698B52979AD8600395E32 /* Sources */,
				A43698B62979AD8600395E32 /* Frameworks */,
				A43698B72979AD8600395E32 /* Resources */,
			);
			buildRules = (
			);
			dependencies = (
			);
			name = StorageServise;
			productName = StorageServise;
			productReference = A43698B92979AD8600395E32 /* StorageServise.framework */;
			productType = "com.apple.product-type.framework";
		};
/* End PBXNativeTarget section */

/* Begin PBXProject section */
		A436986E2979A89700395E32 /* Project object */ = {
			isa = PBXProject;
			attributes = {
				BuildIndependentTargetsInParallel = 1;
				LastSwiftUpdateCheck = 1340;
				LastUpgradeCheck = 1340;
				TargetAttributes = {
					A43698752979A89700395E32 = {
						CreatedOnToolsVersion = 13.4.1;
					};
					A43698B82979AD8600395E32 = {
						CreatedOnToolsVersion = 13.4.1;
						LastSwiftMigration = 1340;
					};
				};
			};
			buildConfigurationList = A43698712979A89700395E32 /* Build configuration list for PBXProject "Navigat1on" */;
			compatibilityVersion = "Xcode 13.0";
			developmentRegion = en;
			hasScannedForEncodings = 0;
			knownRegions = (
				en,
				Base,
			);
			mainGroup = A436986D2979A89700395E32;
			packageReferences = (
				A43698DC297E964900395E32 /* XCRemoteSwiftPackageReference "iOSIntPackage" */,
			);
			productRefGroup = A43698772979A89700395E32 /* Products */;
			projectDirPath = "";
			projectRoot = "";
			targets = (
				A43698752979A89700395E32 /* Navigat1on */,
				A43698B82979AD8600395E32 /* StorageServise */,
			);
		};
/* End PBXProject section */

/* Begin PBXResourcesBuildPhase section */
		A43698742979A89700395E32 /* Resources */ = {
			isa = PBXResourcesBuildPhase;
			buildActionMask = 2147483647;
			files = (
				A43698862979A89900395E32 /* LaunchScreen.storyboard in Resources */,
				A43698832979A89900395E32 /* Assets.xcassets in Resources */,
			);
			runOnlyForDeploymentPostprocessing = 0;
		};
		A43698B72979AD8600395E32 /* Resources */ = {
			isa = PBXResourcesBuildPhase;
			buildActionMask = 2147483647;
			files = (
			);
			runOnlyForDeploymentPostprocessing = 0;
		};
/* End PBXResourcesBuildPhase section */

/* Begin PBXSourcesBuildPhase section */
		A43698722979A89700395E32 /* Sources */ = {
			isa = PBXSourcesBuildPhase;
			buildActionMask = 2147483647;
			files = (
				A426E473298174A7001128BF /* FeedViewModel.swift in Sources */,
				A436989D2979AAEB00395E32 /* ArrayPhotos.swift in Sources */,
				A426E45D29816681001128BF /* FeedCoordinator.swift in Sources */,
				A426E46429816C09001128BF /* MainTabBarViewController.swift in Sources */,
				A426E45B2981666A001128BF /* LogInCoordinator.swift in Sources */,
				A43698E129800B7E00395E32 /* CustomButton.swift in Sources */,
				A43698952979AA9900395E32 /* StatusText.swift in Sources */,
				A43698AF2979AC8500395E32 /* PostTableViewCell.swift in Sources */,
				A426E45F2981668D001128BF /* ProfileCoordinator.swift in Sources */,
				A43698A12979ABAF00395E32 /* FeeaViewController.swift in Sources */,
				A43698AD2979AC6E00395E32 /* PhotosTableViewCell.swift in Sources */,
				A43698A92979AC1000395E32 /* ProfileViewController.swift in Sources */,
				A48049032983DF54009FAA66 /* TabBarCoordinator.swift in Sources */,
				A426E47829817706001128BF /* ProfileViewModel.swift in Sources */,
				A4E427DC29818DE300A249F0 /* CurrentUserServise.swift in Sources */,
				A436989F2979AB6600395E32 /* TabBarController.swift in Sources */,
				A436987A2979A89700395E32 /* AppDelegate.swift in Sources */,
				A4E427E02982474A00A249F0 /* LogInView.swift in Sources */,
				A426E45229804997001128BF /* FeedModel.swift in Sources */,
				A426E4592981662E001128BF /* MainCoordinator.swift in Sources */,
				A43698B12979AC9D00395E32 /* PhotosViewController.swift in Sources */,
				A43698AB2979AC4900395E32 /* ProfileHeaderView.swift in Sources */,
				A43698A72979ABFD00395E32 /* LogInViewController.swift in Sources */,
				A426E46D29817093001128BF /* LogInViewController2.swift in Sources */,
				A436989B2979AADF00395E32 /* DataPosts.swift in Sources */,
				A426E46B2981700A001128BF /* LogInViewModel.swift in Sources */,
				A4E427DE29818DF100A249F0 /* TestUserServise.swift in Sources */,
				A4E427D829818D9400A249F0 /* User.swift in Sources */,
				A43698D6297AC79200395E32 /* LoginInspector.swift in Sources */,
				A436987C2979A89700395E32 /* SceneDelegate.swift in Sources */,
				A4E427DA29818DD000A249F0 /* UserServiseProtocol.swift in Sources */,
				A43698D8297AD81E00395E32 /* LoginFactoryProtocol.swift in Sources */,
				A4804907298403E6009FAA66 /* ServiseContentOfSet.swift in Sources */,
				A43698992979AAC300395E32 /* PostView.swift in Sources */,
				A43698972979AAB900395E32 /* CustomUITextField.swift in Sources */,
				A43698A52979ABDE00395E32 /* InfoViewController.swift in Sources */,
				A426E46729816D19001128BF /* Factory.swift in Sources */,
				A43698B32979ACB000395E32 /* PhotosCollectionViewCell.swift in Sources */,
				A43698DA297AD88800395E32 /* MyLoginFactory.swift in Sources */,
				A426E47A29817712001128BF /* ProfileViewController2.swift in Sources */,
				A43698A32979ABC600395E32 /* PostViewController.swift in Sources */,
				A426E475298174B6001128BF /* FeedViewController2.swift in Sources */,
				A43698D2297AC27200395E32 /* Checker.swift in Sources */,
				A4E427E32982C16000A249F0 /* Coordinatable.swift in Sources */,
			);
			runOnlyForDeploymentPostprocessing = 0;
		};
		A43698B52979AD8600395E32 /* Sources */ = {
			isa = PBXSourcesBuildPhase;
			buildActionMask = 2147483647;
			files = (
				A43698C62979AD9900395E32 /* Post.swift in Sources */,
			);
			runOnlyForDeploymentPostprocessing = 0;
		};
/* End PBXSourcesBuildPhase section */

/* Begin PBXTargetDependency section */
		A43698BE2979AD8600395E32 /* PBXTargetDependency */ = {
			isa = PBXTargetDependency;
			target = A43698B82979AD8600395E32 /* StorageServise */;
			targetProxy = A43698BD2979AD8600395E32 /* PBXContainerItemProxy */;
		};
/* End PBXTargetDependency section */

/* Begin PBXVariantGroup section */
		A43698842979A89900395E32 /* LaunchScreen.storyboard */ = {
			isa = PBXVariantGroup;
			children = (
				A43698852979A89900395E32 /* Base */,
			);
			name = LaunchScreen.storyboard;
			sourceTree = "<group>";
		};
/* End PBXVariantGroup section */

/* Begin XCBuildConfiguration section */
		A43698882979A89900395E32 /* Debug */ = {
			isa = XCBuildConfiguration;
			buildSettings = {
				ALWAYS_SEARCH_USER_PATHS = NO;
				CLANG_ANALYZER_NONNULL = YES;
				CLANG_ANALYZER_NUMBER_OBJECT_CONVERSION = YES_AGGRESSIVE;
				CLANG_CXX_LANGUAGE_STANDARD = "gnu++17";
				CLANG_ENABLE_MODULES = YES;
				CLANG_ENABLE_OBJC_ARC = YES;
				CLANG_ENABLE_OBJC_WEAK = YES;
				CLANG_WARN_BLOCK_CAPTURE_AUTORELEASING = YES;
				CLANG_WARN_BOOL_CONVERSION = YES;
				CLANG_WARN_COMMA = YES;
				CLANG_WARN_CONSTANT_CONVERSION = YES;
				CLANG_WARN_DEPRECATED_OBJC_IMPLEMENTATIONS = YES;
				CLANG_WARN_DIRECT_OBJC_ISA_USAGE = YES_ERROR;
				CLANG_WARN_DOCUMENTATION_COMMENTS = YES;
				CLANG_WARN_EMPTY_BODY = YES;
				CLANG_WARN_ENUM_CONVERSION = YES;
				CLANG_WARN_INFINITE_RECURSION = YES;
				CLANG_WARN_INT_CONVERSION = YES;
				CLANG_WARN_NON_LITERAL_NULL_CONVERSION = YES;
				CLANG_WARN_OBJC_IMPLICIT_RETAIN_SELF = YES;
				CLANG_WARN_OBJC_LITERAL_CONVERSION = YES;
				CLANG_WARN_OBJC_ROOT_CLASS = YES_ERROR;
				CLANG_WARN_QUOTED_INCLUDE_IN_FRAMEWORK_HEADER = YES;
				CLANG_WARN_RANGE_LOOP_ANALYSIS = YES;
				CLANG_WARN_STRICT_PROTOTYPES = YES;
				CLANG_WARN_SUSPICIOUS_MOVE = YES;
				CLANG_WARN_UNGUARDED_AVAILABILITY = YES_AGGRESSIVE;
				CLANG_WARN_UNREACHABLE_CODE = YES;
				CLANG_WARN__DUPLICATE_METHOD_MATCH = YES;
				COPY_PHASE_STRIP = NO;
				DEBUG_INFORMATION_FORMAT = dwarf;
				ENABLE_STRICT_OBJC_MSGSEND = YES;
				ENABLE_TESTABILITY = YES;
				GCC_C_LANGUAGE_STANDARD = gnu11;
				GCC_DYNAMIC_NO_PIC = NO;
				GCC_NO_COMMON_BLOCKS = YES;
				GCC_OPTIMIZATION_LEVEL = 0;
				GCC_PREPROCESSOR_DEFINITIONS = (
					"DEBUG=1",
					"$(inherited)",
				);
				GCC_WARN_64_TO_32_BIT_CONVERSION = YES;
				GCC_WARN_ABOUT_RETURN_TYPE = YES_ERROR;
				GCC_WARN_UNDECLARED_SELECTOR = YES;
				GCC_WARN_UNINITIALIZED_AUTOS = YES_AGGRESSIVE;
				GCC_WARN_UNUSED_FUNCTION = YES;
				GCC_WARN_UNUSED_VARIABLE = YES;
				IPHONEOS_DEPLOYMENT_TARGET = 15.5;
				MTL_ENABLE_DEBUG_INFO = INCLUDE_SOURCE;
				MTL_FAST_MATH = YES;
				ONLY_ACTIVE_ARCH = YES;
				SDKROOT = iphoneos;
				SWIFT_ACTIVE_COMPILATION_CONDITIONS = DEBUG;
				SWIFT_OPTIMIZATION_LEVEL = "-Onone";
			};
			name = Debug;
		};
		A43698892979A89900395E32 /* Release */ = {
			isa = XCBuildConfiguration;
			buildSettings = {
				ALWAYS_SEARCH_USER_PATHS = NO;
				CLANG_ANALYZER_NONNULL = YES;
				CLANG_ANALYZER_NUMBER_OBJECT_CONVERSION = YES_AGGRESSIVE;
				CLANG_CXX_LANGUAGE_STANDARD = "gnu++17";
				CLANG_ENABLE_MODULES = YES;
				CLANG_ENABLE_OBJC_ARC = YES;
				CLANG_ENABLE_OBJC_WEAK = YES;
				CLANG_WARN_BLOCK_CAPTURE_AUTORELEASING = YES;
				CLANG_WARN_BOOL_CONVERSION = YES;
				CLANG_WARN_COMMA = YES;
				CLANG_WARN_CONSTANT_CONVERSION = YES;
				CLANG_WARN_DEPRECATED_OBJC_IMPLEMENTATIONS = YES;
				CLANG_WARN_DIRECT_OBJC_ISA_USAGE = YES_ERROR;
				CLANG_WARN_DOCUMENTATION_COMMENTS = YES;
				CLANG_WARN_EMPTY_BODY = YES;
				CLANG_WARN_ENUM_CONVERSION = YES;
				CLANG_WARN_INFINITE_RECURSION = YES;
				CLANG_WARN_INT_CONVERSION = YES;
				CLANG_WARN_NON_LITERAL_NULL_CONVERSION = YES;
				CLANG_WARN_OBJC_IMPLICIT_RETAIN_SELF = YES;
				CLANG_WARN_OBJC_LITERAL_CONVERSION = YES;
				CLANG_WARN_OBJC_ROOT_CLASS = YES_ERROR;
				CLANG_WARN_QUOTED_INCLUDE_IN_FRAMEWORK_HEADER = YES;
				CLANG_WARN_RANGE_LOOP_ANALYSIS = YES;
				CLANG_WARN_STRICT_PROTOTYPES = YES;
				CLANG_WARN_SUSPICIOUS_MOVE = YES;
				CLANG_WARN_UNGUARDED_AVAILABILITY = YES_AGGRESSIVE;
				CLANG_WARN_UNREACHABLE_CODE = YES;
				CLANG_WARN__DUPLICATE_METHOD_MATCH = YES;
				COPY_PHASE_STRIP = NO;
				DEBUG_INFORMATION_FORMAT = "dwarf-with-dsym";
				ENABLE_NS_ASSERTIONS = NO;
				ENABLE_STRICT_OBJC_MSGSEND = YES;
				GCC_C_LANGUAGE_STANDARD = gnu11;
				GCC_NO_COMMON_BLOCKS = YES;
				GCC_WARN_64_TO_32_BIT_CONVERSION = YES;
				GCC_WARN_ABOUT_RETURN_TYPE = YES_ERROR;
				GCC_WARN_UNDECLARED_SELECTOR = YES;
				GCC_WARN_UNINITIALIZED_AUTOS = YES_AGGRESSIVE;
				GCC_WARN_UNUSED_FUNCTION = YES;
				GCC_WARN_UNUSED_VARIABLE = YES;
				IPHONEOS_DEPLOYMENT_TARGET = 15.5;
				MTL_ENABLE_DEBUG_INFO = NO;
				MTL_FAST_MATH = YES;
				SDKROOT = iphoneos;
				SWIFT_COMPILATION_MODE = wholemodule;
				SWIFT_OPTIMIZATION_LEVEL = "-O";
				VALIDATE_PRODUCT = YES;
			};
			name = Release;
		};
		A436988B2979A89900395E32 /* Debug */ = {
			isa = XCBuildConfiguration;
			buildSettings = {
				ALWAYS_EMBED_SWIFT_STANDARD_LIBRARIES = YES;
				ASSETCATALOG_COMPILER_APPICON_NAME = AppIcon;
				ASSETCATALOG_COMPILER_GLOBAL_ACCENT_COLOR_NAME = AccentColor;
				CODE_SIGN_STYLE = Automatic;
				CURRENT_PROJECT_VERSION = 1;
				GENERATE_INFOPLIST_FILE = YES;
				INFOPLIST_FILE = Navigat1on/Info.plist;
				INFOPLIST_KEY_UIApplicationSupportsIndirectInputEvents = YES;
				INFOPLIST_KEY_UILaunchStoryboardName = LaunchScreen;
				INFOPLIST_KEY_UISupportedInterfaceOrientations_iPad = "UIInterfaceOrientationPortrait UIInterfaceOrientationPortraitUpsideDown UIInterfaceOrientationLandscapeLeft UIInterfaceOrientationLandscapeRight";
				INFOPLIST_KEY_UISupportedInterfaceOrientations_iPhone = "UIInterfaceOrientationPortrait UIInterfaceOrientationLandscapeLeft UIInterfaceOrientationLandscapeRight";
				LD_RUNPATH_SEARCH_PATHS = (
					"$(inherited)",
					"@executable_path/Frameworks",
				);
				MARKETING_VERSION = 1.0;
				PRODUCT_BUNDLE_IDENTIFIER = is.leason.Navigat1on;
				PRODUCT_NAME = "$(TARGET_NAME)";
				SWIFT_EMIT_LOC_STRINGS = YES;
				SWIFT_VERSION = 5.0;
				TARGETED_DEVICE_FAMILY = "1,2";
			};
			name = Debug;
		};
		A436988C2979A89900395E32 /* Release */ = {
			isa = XCBuildConfiguration;
			buildSettings = {
				ALWAYS_EMBED_SWIFT_STANDARD_LIBRARIES = YES;
				ASSETCATALOG_COMPILER_APPICON_NAME = AppIcon;
				ASSETCATALOG_COMPILER_GLOBAL_ACCENT_COLOR_NAME = AccentColor;
				CODE_SIGN_STYLE = Automatic;
				CURRENT_PROJECT_VERSION = 1;
				GENERATE_INFOPLIST_FILE = YES;
				INFOPLIST_FILE = Navigat1on/Info.plist;
				INFOPLIST_KEY_UIApplicationSupportsIndirectInputEvents = YES;
				INFOPLIST_KEY_UILaunchStoryboardName = LaunchScreen;
				INFOPLIST_KEY_UISupportedInterfaceOrientations_iPad = "UIInterfaceOrientationPortrait UIInterfaceOrientationPortraitUpsideDown UIInterfaceOrientationLandscapeLeft UIInterfaceOrientationLandscapeRight";
				INFOPLIST_KEY_UISupportedInterfaceOrientations_iPhone = "UIInterfaceOrientationPortrait UIInterfaceOrientationLandscapeLeft UIInterfaceOrientationLandscapeRight";
				LD_RUNPATH_SEARCH_PATHS = (
					"$(inherited)",
					"@executable_path/Frameworks",
				);
				MARKETING_VERSION = 1.0;
				PRODUCT_BUNDLE_IDENTIFIER = is.leason.Navigat1on;
				PRODUCT_NAME = "$(TARGET_NAME)";
				SWIFT_EMIT_LOC_STRINGS = YES;
				SWIFT_VERSION = 5.0;
				TARGETED_DEVICE_FAMILY = "1,2";
			};
			name = Release;
		};
		A43698C22979AD8600395E32 /* Debug */ = {
			isa = XCBuildConfiguration;
			buildSettings = {
				CLANG_ENABLE_MODULES = YES;
				CODE_SIGN_STYLE = Automatic;
				CURRENT_PROJECT_VERSION = 1;
				DEFINES_MODULE = YES;
				DYLIB_COMPATIBILITY_VERSION = 1;
				DYLIB_CURRENT_VERSION = 1;
				DYLIB_INSTALL_NAME_BASE = "@rpath";
				GENERATE_INFOPLIST_FILE = YES;
				INFOPLIST_KEY_NSHumanReadableCopyright = "";
				INSTALL_PATH = "$(LOCAL_LIBRARY_DIR)/Frameworks";
				LD_RUNPATH_SEARCH_PATHS = (
					"$(inherited)",
					"@executable_path/Frameworks",
					"@loader_path/Frameworks",
				);
				MARKETING_VERSION = 1.0;
				PRODUCT_BUNDLE_IDENTIFIER = is.leason.StorageServise;
				PRODUCT_NAME = "$(TARGET_NAME:c99extidentifier)";
				SKIP_INSTALL = YES;
				SWIFT_EMIT_LOC_STRINGS = YES;
				SWIFT_OPTIMIZATION_LEVEL = "-Onone";
				SWIFT_VERSION = 5.0;
				TARGETED_DEVICE_FAMILY = "1,2";
				VERSIONING_SYSTEM = "apple-generic";
				VERSION_INFO_PREFIX = "";
			};
			name = Debug;
		};
		A43698C32979AD8600395E32 /* Release */ = {
			isa = XCBuildConfiguration;
			buildSettings = {
				CLANG_ENABLE_MODULES = YES;
				CODE_SIGN_STYLE = Automatic;
				CURRENT_PROJECT_VERSION = 1;
				DEFINES_MODULE = YES;
				DYLIB_COMPATIBILITY_VERSION = 1;
				DYLIB_CURRENT_VERSION = 1;
				DYLIB_INSTALL_NAME_BASE = "@rpath";
				GENERATE_INFOPLIST_FILE = YES;
				INFOPLIST_KEY_NSHumanReadableCopyright = "";
				INSTALL_PATH = "$(LOCAL_LIBRARY_DIR)/Frameworks";
				LD_RUNPATH_SEARCH_PATHS = (
					"$(inherited)",
					"@executable_path/Frameworks",
					"@loader_path/Frameworks",
				);
				MARKETING_VERSION = 1.0;
				PRODUCT_BUNDLE_IDENTIFIER = is.leason.StorageServise;
				PRODUCT_NAME = "$(TARGET_NAME:c99extidentifier)";
				SKIP_INSTALL = YES;
				SWIFT_EMIT_LOC_STRINGS = YES;
				SWIFT_VERSION = 5.0;
				TARGETED_DEVICE_FAMILY = "1,2";
				VERSIONING_SYSTEM = "apple-generic";
				VERSION_INFO_PREFIX = "";
			};
			name = Release;
		};
/* End XCBuildConfiguration section */

/* Begin XCConfigurationList section */
		A43698712979A89700395E32 /* Build configuration list for PBXProject "Navigat1on" */ = {
			isa = XCConfigurationList;
			buildConfigurations = (
				A43698882979A89900395E32 /* Debug */,
				A43698892979A89900395E32 /* Release */,
			);
			defaultConfigurationIsVisible = 0;
			defaultConfigurationName = Release;
		};
		A436988A2979A89900395E32 /* Build configuration list for PBXNativeTarget "Navigat1on" */ = {
			isa = XCConfigurationList;
			buildConfigurations = (
				A436988B2979A89900395E32 /* Debug */,
				A436988C2979A89900395E32 /* Release */,
			);
			defaultConfigurationIsVisible = 0;
			defaultConfigurationName = Release;
		};
		A43698C12979AD8600395E32 /* Build configuration list for PBXNativeTarget "StorageServise" */ = {
			isa = XCConfigurationList;
			buildConfigurations = (
				A43698C22979AD8600395E32 /* Debug */,
				A43698C32979AD8600395E32 /* Release */,
			);
			defaultConfigurationIsVisible = 0;
			defaultConfigurationName = Release;
		};
/* End XCConfigurationList section */

/* Begin XCRemoteSwiftPackageReference section */
		A43698DC297E964900395E32 /* XCRemoteSwiftPackageReference "iOSIntPackage" */ = {
			isa = XCRemoteSwiftPackageReference;
			repositoryURL = "https://github.com/TrueMax/iOSIntPackage";
			requirement = {
				branch = imagepublisher;
				kind = branch;
			};
		};
/* End XCRemoteSwiftPackageReference section */

/* Begin XCSwiftPackageProductDependency section */
		A43698DD297E964900395E32 /* iOSIntPackage */ = {
			isa = XCSwiftPackageProductDependency;
			package = A43698DC297E964900395E32 /* XCRemoteSwiftPackageReference "iOSIntPackage" */;
			productName = iOSIntPackage;
		};
/* End XCSwiftPackageProductDependency section */
	};
	rootObject = A436986E2979A89700395E32 /* Project object */;
}
